// !$*UTF8*$!
{
	archiveVersion = 1;
	classes = {
	};
	objectVersion = 50;
	objects = {

/* Begin PBXBuildFile section */
		154E9E072202575B00712CC7 /* AppDelegate.swift in Sources */ = {isa = PBXBuildFile; fileRef = 154E9E062202575B00712CC7 /* AppDelegate.swift */; };
		154E9E0C2202575B00712CC7 /* Main.storyboard in Resources */ = {isa = PBXBuildFile; fileRef = 154E9E0A2202575B00712CC7 /* Main.storyboard */; };
		154E9E0E2202575C00712CC7 /* Assets.xcassets in Resources */ = {isa = PBXBuildFile; fileRef = 154E9E0D2202575C00712CC7 /* Assets.xcassets */; };
		154E9E112202575C00712CC7 /* LaunchScreen.storyboard in Resources */ = {isa = PBXBuildFile; fileRef = 154E9E0F2202575C00712CC7 /* LaunchScreen.storyboard */; };
		154E9E1C2202575C00712CC7 /* lab1Tests.swift in Sources */ = {isa = PBXBuildFile; fileRef = 154E9E1B2202575C00712CC7 /* lab1Tests.swift */; };
		154E9E272202575C00712CC7 /* lab1UITests.swift in Sources */ = {isa = PBXBuildFile; fileRef = 154E9E262202575C00712CC7 /* lab1UITests.swift */; };
		154E9E35220257A500712CC7 /* PhotoViewController.swift in Sources */ = {isa = PBXBuildFile; fileRef = 154E9E34220257A500712CC7 /* PhotoViewController.swift */; };
		154E9E3722025D1700712CC7 /* PostCellTableViewCell.swift in Sources */ = {isa = PBXBuildFile; fileRef = 154E9E3622025D1700712CC7 /* PostCellTableViewCell.swift */; };
		49A657B5851B3CE09E8E4629 /* Pods_lab1UITests.framework in Frameworks */ = {isa = PBXBuildFile; fileRef = 00DD4B4C2545314819C63EA1 /* Pods_lab1UITests.framework */; };
		6DBDC3F16FFD695D3C7E5597 /* Pods_lab1.framework in Frameworks */ = {isa = PBXBuildFile; fileRef = B7B962D54DEDFA4B69AC2F81 /* Pods_lab1.framework */; };
		A9F9E67462BCDFEF858A1439 /* Pods_lab1Tests.framework in Frameworks */ = {isa = PBXBuildFile; fileRef = FE91E7372CE7C9E21505C6E2 /* Pods_lab1Tests.framework */; };
/* End PBXBuildFile section */

/* Begin PBXContainerItemProxy section */
		154E9E182202575C00712CC7 /* PBXContainerItemProxy */ = {
			isa = PBXContainerItemProxy;
			containerPortal = 154E9DFB2202575B00712CC7 /* Project object */;
			proxyType = 1;
			remoteGlobalIDString = 154E9E022202575B00712CC7;
			remoteInfo = lab1;
		};
		154E9E232202575C00712CC7 /* PBXContainerItemProxy */ = {
			isa = PBXContainerItemProxy;
			containerPortal = 154E9DFB2202575B00712CC7 /* Project object */;
			proxyType = 1;
			remoteGlobalIDString = 154E9E022202575B00712CC7;
			remoteInfo = lab1;
		};
/* End PBXContainerItemProxy section */

/* Begin PBXFileReference section */
		00DD4B4C2545314819C63EA1 /* Pods_lab1UITests.framework */ = {isa = PBXFileReference; explicitFileType = wrapper.framework; includeInIndex = 0; path = Pods_lab1UITests.framework; sourceTree = BUILT_PRODUCTS_DIR; };
		05762C2ADB037D91756FA6D9 /* Pods-lab1.release.xcconfig */ = {isa = PBXFileReference; includeInIndex = 1; lastKnownFileType = text.xcconfig; name = "Pods-lab1.release.xcconfig"; path = "Pods/Target Support Files/Pods-lab1/Pods-lab1.release.xcconfig"; sourceTree = "<group>"; };
		154E9E032202575B00712CC7 /* lab1.app */ = {isa = PBXFileReference; explicitFileType = wrapper.application; includeInIndex = 0; path = lab1.app; sourceTree = BUILT_PRODUCTS_DIR; };
		154E9E062202575B00712CC7 /* AppDelegate.swift */ = {isa = PBXFileReference; lastKnownFileType = sourcecode.swift; path = AppDelegate.swift; sourceTree = "<group>"; };
		154E9E0B2202575B00712CC7 /* Base */ = {isa = PBXFileReference; lastKnownFileType = file.storyboard; name = Base; path = Base.lproj/Main.storyboard; sourceTree = "<group>"; };
		154E9E0D2202575C00712CC7 /* Assets.xcassets */ = {isa = PBXFileReference; lastKnownFileType = folder.assetcatalog; path = Assets.xcassets; sourceTree = "<group>"; };
		154E9E102202575C00712CC7 /* Base */ = {isa = PBXFileReference; lastKnownFileType = file.storyboard; name = Base; path = Base.lproj/LaunchScreen.storyboard; sourceTree = "<group>"; };
		154E9E122202575C00712CC7 /* Info.plist */ = {isa = PBXFileReference; lastKnownFileType = text.plist.xml; path = Info.plist; sourceTree = "<group>"; };
		154E9E172202575C00712CC7 /* lab1Tests.xctest */ = {isa = PBXFileReference; explicitFileType = wrapper.cfbundle; includeInIndex = 0; path = lab1Tests.xctest; sourceTree = BUILT_PRODUCTS_DIR; };
		154E9E1B2202575C00712CC7 /* lab1Tests.swift */ = {isa = PBXFileReference; lastKnownFileType = sourcecode.swift; path = lab1Tests.swift; sourceTree = "<group>"; };
		154E9E1D2202575C00712CC7 /* Info.plist */ = {isa = PBXFileReference; lastKnownFileType = text.plist.xml; path = Info.plist; sourceTree = "<group>"; };
		154E9E222202575C00712CC7 /* lab1UITests.xctest */ = {isa = PBXFileReference; explicitFileType = wrapper.cfbundle; includeInIndex = 0; path = lab1UITests.xctest; sourceTree = BUILT_PRODUCTS_DIR; };
		154E9E262202575C00712CC7 /* lab1UITests.swift */ = {isa = PBXFileReference; lastKnownFileType = sourcecode.swift; path = lab1UITests.swift; sourceTree = "<group>"; };
		154E9E282202575C00712CC7 /* Info.plist */ = {isa = PBXFileReference; lastKnownFileType = text.plist.xml; path = Info.plist; sourceTree = "<group>"; };
		154E9E34220257A500712CC7 /* PhotoViewController.swift */ = {isa = PBXFileReference; lastKnownFileType = sourcecode.swift; path = PhotoViewController.swift; sourceTree = "<group>"; };
		154E9E3622025D1700712CC7 /* PostCellTableViewCell.swift */ = {isa = PBXFileReference; lastKnownFileType = sourcecode.swift; path = PostCellTableViewCell.swift; sourceTree = "<group>"; };
		4350AC157BC1C87E18E7E6CD /* Pods-lab1.debug.xcconfig */ = {isa = PBXFileReference; includeInIndex = 1; lastKnownFileType = text.xcconfig; name = "Pods-lab1.debug.xcconfig"; path = "Pods/Target Support Files/Pods-lab1/Pods-lab1.debug.xcconfig"; sourceTree = "<group>"; };
		7211E2729E633ADFD17AC1CC /* Pods-lab1UITests.debug.xcconfig */ = {isa = PBXFileReference; includeInIndex = 1; lastKnownFileType = text.xcconfig; name = "Pods-lab1UITests.debug.xcconfig"; path = "Pods/Target Support Files/Pods-lab1UITests/Pods-lab1UITests.debug.xcconfig"; sourceTree = "<group>"; };
		ABBBC70E0013F1402E6E2884 /* Pods-lab1Tests.release.xcconfig */ = {isa = PBXFileReference; includeInIndex = 1; lastKnownFileType = text.xcconfig; name = "Pods-lab1Tests.release.xcconfig"; path = "Pods/Target Support Files/Pods-lab1Tests/Pods-lab1Tests.release.xcconfig"; sourceTree = "<group>"; };
		B7B962D54DEDFA4B69AC2F81 /* Pods_lab1.framework */ = {isa = PBXFileReference; explicitFileType = wrapper.framework; includeInIndex = 0; path = Pods_lab1.framework; sourceTree = BUILT_PRODUCTS_DIR; };
		E92C2EE017DA949C929CD47E /* Pods-lab1Tests.debug.xcconfig */ = {isa = PBXFileReference; includeInIndex = 1; lastKnownFileType = text.xcconfig; name = "Pods-lab1Tests.debug.xcconfig"; path = "Pods/Target Support Files/Pods-lab1Tests/Pods-lab1Tests.debug.xcconfig"; sourceTree = "<group>"; };
		EAC4591AA9BFAEA5F65D9889 /* Pods-lab1UITests.release.xcconfig */ = {isa = PBXFileReference; includeInIndex = 1; lastKnownFileType = text.xcconfig; name = "Pods-lab1UITests.release.xcconfig"; path = "Pods/Target Support Files/Pods-lab1UITests/Pods-lab1UITests.release.xcconfig"; sourceTree = "<group>"; };
		FE91E7372CE7C9E21505C6E2 /* Pods_lab1Tests.framework */ = {isa = PBXFileReference; explicitFileType = wrapper.framework; includeInIndex = 0; path = Pods_lab1Tests.framework; sourceTree = BUILT_PRODUCTS_DIR; };
/* End PBXFileReference section */

/* Begin PBXFrameworksBuildPhase section */
		154E9E002202575B00712CC7 /* Frameworks */ = {
			isa = PBXFrameworksBuildPhase;
			buildActionMask = 2147483647;
			files = (
				6DBDC3F16FFD695D3C7E5597 /* Pods_lab1.framework in Frameworks */,
			);
			runOnlyForDeploymentPostprocessing = 0;
		};
		154E9E142202575C00712CC7 /* Frameworks */ = {
			isa = PBXFrameworksBuildPhase;
			buildActionMask = 2147483647;
			files = (
				A9F9E67462BCDFEF858A1439 /* Pods_lab1Tests.framework in Frameworks */,
			);
			runOnlyForDeploymentPostprocessing = 0;
		};
		154E9E1F2202575C00712CC7 /* Frameworks */ = {
			isa = PBXFrameworksBuildPhase;
			buildActionMask = 2147483647;
			files = (
				49A657B5851B3CE09E8E4629 /* Pods_lab1UITests.framework in Frameworks */,
			);
			runOnlyForDeploymentPostprocessing = 0;
		};
/* End PBXFrameworksBuildPhase section */

/* Begin PBXGroup section */
		154E9DFA2202575B00712CC7 = {
			isa = PBXGroup;
			children = (
				154E9E052202575B00712CC7 /* lab1 */,
				154E9E1A2202575C00712CC7 /* lab1Tests */,
				154E9E252202575C00712CC7 /* lab1UITests */,
				154E9E042202575B00712CC7 /* Products */,
				68AA305BFFB18C3E9E8801C6 /* Pods */,
				7090381DA77A89BB65E6BAEB /* Frameworks */,
			);
			sourceTree = "<group>";
		};
		154E9E042202575B00712CC7 /* Products */ = {
			isa = PBXGroup;
			children = (
				154E9E032202575B00712CC7 /* lab1.app */,
				154E9E172202575C00712CC7 /* lab1Tests.xctest */,
				154E9E222202575C00712CC7 /* lab1UITests.xctest */,
			);
			name = Products;
			sourceTree = "<group>";
		};
		154E9E052202575B00712CC7 /* lab1 */ = {
			isa = PBXGroup;
			children = (
				154E9E062202575B00712CC7 /* AppDelegate.swift */,
				154E9E34220257A500712CC7 /* PhotoViewController.swift */,
				154E9E0A2202575B00712CC7 /* Main.storyboard */,
				154E9E0D2202575C00712CC7 /* Assets.xcassets */,
				154E9E0F2202575C00712CC7 /* LaunchScreen.storyboard */,
				154E9E122202575C00712CC7 /* Info.plist */,
				154E9E3622025D1700712CC7 /* PostCellTableViewCell.swift */,
			);
			path = lab1;
			sourceTree = "<group>";
		};
		154E9E1A2202575C00712CC7 /* lab1Tests */ = {
			isa = PBXGroup;
			children = (
				154E9E1B2202575C00712CC7 /* lab1Tests.swift */,
				154E9E1D2202575C00712CC7 /* Info.plist */,
			);
			path = lab1Tests;
			sourceTree = "<group>";
		};
		154E9E252202575C00712CC7 /* lab1UITests */ = {
			isa = PBXGroup;
			children = (
				154E9E262202575C00712CC7 /* lab1UITests.swift */,
				154E9E282202575C00712CC7 /* Info.plist */,
			);
			path = lab1UITests;
			sourceTree = "<group>";
		};
		68AA305BFFB18C3E9E8801C6 /* Pods */ = {
			isa = PBXGroup;
			children = (
				4350AC157BC1C87E18E7E6CD /* Pods-lab1.debug.xcconfig */,
				05762C2ADB037D91756FA6D9 /* Pods-lab1.release.xcconfig */,
				E92C2EE017DA949C929CD47E /* Pods-lab1Tests.debug.xcconfig */,
				ABBBC70E0013F1402E6E2884 /* Pods-lab1Tests.release.xcconfig */,
				7211E2729E633ADFD17AC1CC /* Pods-lab1UITests.debug.xcconfig */,
				EAC4591AA9BFAEA5F65D9889 /* Pods-lab1UITests.release.xcconfig */,
			);
			name = Pods;
			sourceTree = "<group>";
		};
		7090381DA77A89BB65E6BAEB /* Frameworks */ = {
			isa = PBXGroup;
			children = (
				B7B962D54DEDFA4B69AC2F81 /* Pods_lab1.framework */,
				FE91E7372CE7C9E21505C6E2 /* Pods_lab1Tests.framework */,
				00DD4B4C2545314819C63EA1 /* Pods_lab1UITests.framework */,
			);
			name = Frameworks;
			sourceTree = "<group>";
		};
/* End PBXGroup section */

/* Begin PBXNativeTarget section */
		154E9E022202575B00712CC7 /* lab1 */ = {
			isa = PBXNativeTarget;
			buildConfigurationList = 154E9E2B2202575C00712CC7 /* Build configuration list for PBXNativeTarget "lab1" */;
			buildPhases = (
				E2C14CEF6A5494024336E6D7 /* [CP] Check Pods Manifest.lock */,
				154E9DFF2202575B00712CC7 /* Sources */,
				154E9E002202575B00712CC7 /* Frameworks */,
				154E9E012202575B00712CC7 /* Resources */,
				E9CCD67027F5C3364F568F54 /* [CP] Embed Pods Frameworks */,
			);
			buildRules = (
			);
			dependencies = (
			);
			name = lab1;
			productName = lab1;
			productReference = 154E9E032202575B00712CC7 /* lab1.app */;
			productType = "com.apple.product-type.application";
		};
		154E9E162202575C00712CC7 /* lab1Tests */ = {
			isa = PBXNativeTarget;
			buildConfigurationList = 154E9E2E2202575C00712CC7 /* Build configuration list for PBXNativeTarget "lab1Tests" */;
			buildPhases = (
				3A7E5ADED2A23C38BA5D6785 /* [CP] Check Pods Manifest.lock */,
				154E9E132202575C00712CC7 /* Sources */,
				154E9E142202575C00712CC7 /* Frameworks */,
				154E9E152202575C00712CC7 /* Resources */,
			);
			buildRules = (
			);
			dependencies = (
				154E9E192202575C00712CC7 /* PBXTargetDependency */,
			);
			name = lab1Tests;
			productName = lab1Tests;
			productReference = 154E9E172202575C00712CC7 /* lab1Tests.xctest */;
			productType = "com.apple.product-type.bundle.unit-test";
		};
		154E9E212202575C00712CC7 /* lab1UITests */ = {
			isa = PBXNativeTarget;
			buildConfigurationList = 154E9E312202575C00712CC7 /* Build configuration list for PBXNativeTarget "lab1UITests" */;
			buildPhases = (
				AFD0145102D9394C6B36CC3A /* [CP] Check Pods Manifest.lock */,
				154E9E1E2202575C00712CC7 /* Sources */,
				154E9E1F2202575C00712CC7 /* Frameworks */,
				154E9E202202575C00712CC7 /* Resources */,
			);
			buildRules = (
			);
			dependencies = (
				154E9E242202575C00712CC7 /* PBXTargetDependency */,
			);
			name = lab1UITests;
			productName = lab1UITests;
			productReference = 154E9E222202575C00712CC7 /* lab1UITests.xctest */;
			productType = "com.apple.product-type.bundle.ui-testing";
		};
/* End PBXNativeTarget section */

/* Begin PBXProject section */
		154E9DFB2202575B00712CC7 /* Project object */ = {
			isa = PBXProject;
			attributes = {
				LastSwiftUpdateCheck = 1010;
				LastUpgradeCheck = 1010;
				ORGANIZATIONNAME = codepath;
				TargetAttributes = {
					154E9E022202575B00712CC7 = {
						CreatedOnToolsVersion = 10.1;
					};
					154E9E162202575C00712CC7 = {
						CreatedOnToolsVersion = 10.1;
						TestTargetID = 154E9E022202575B00712CC7;
					};
					154E9E212202575C00712CC7 = {
						CreatedOnToolsVersion = 10.1;
						TestTargetID = 154E9E022202575B00712CC7;
					};
				};
			};
			buildConfigurationList = 154E9DFE2202575B00712CC7 /* Build configuration list for PBXProject "lab1" */;
			compatibilityVersion = "Xcode 9.3";
			developmentRegion = en;
			hasScannedForEncodings = 0;
			knownRegions = (
				en,
				Base,
			);
			mainGroup = 154E9DFA2202575B00712CC7;
			productRefGroup = 154E9E042202575B00712CC7 /* Products */;
			projectDirPath = "";
			projectRoot = "";
			targets = (
				154E9E022202575B00712CC7 /* lab1 */,
				154E9E162202575C00712CC7 /* lab1Tests */,
				154E9E212202575C00712CC7 /* lab1UITests */,
			);
		};
/* End PBXProject section */

/* Begin PBXResourcesBuildPhase section */
		154E9E012202575B00712CC7 /* Resources */ = {
			isa = PBXResourcesBuildPhase;
			buildActionMask = 2147483647;
			files = (
				154E9E112202575C00712CC7 /* LaunchScreen.storyboard in Resources */,
				154E9E0E2202575C00712CC7 /* Assets.xcassets in Resources */,
				154E9E0C2202575B00712CC7 /* Main.storyboard in Resources */,
			);
			runOnlyForDeploymentPostprocessing = 0;
		};
		154E9E152202575C00712CC7 /* Resources */ = {
			isa = PBXResourcesBuildPhase;
			buildActionMask = 2147483647;
			files = (
			);
			runOnlyForDeploymentPostprocessing = 0;
		};
		154E9E202202575C00712CC7 /* Resources */ = {
			isa = PBXResourcesBuildPhase;
			buildActionMask = 2147483647;
			files = (
			);
			runOnlyForDeploymentPostprocessing = 0;
		};
/* End PBXResourcesBuildPhase section */

/* Begin PBXShellScriptBuildPhase section */
		3A7E5ADED2A23C38BA5D6785 /* [CP] Check Pods Manifest.lock */ = {
			isa = PBXShellScriptBuildPhase;
			buildActionMask = 2147483647;
			files = (
			);
			inputFileListPaths = (
			);
			inputPaths = (
				"${PODS_PODFILE_DIR_PATH}/Podfile.lock",
				"${PODS_ROOT}/Manifest.lock",
			);
			name = "[CP] Check Pods Manifest.lock";
			outputFileListPaths = (
			);
			outputPaths = (
				"$(DERIVED_FILE_DIR)/Pods-lab1Tests-checkManifestLockResult.txt",
			);
			runOnlyForDeploymentPostprocessing = 0;
			shellPath = /bin/sh;
			shellScript = "diff \"${PODS_PODFILE_DIR_PATH}/Podfile.lock\" \"${PODS_ROOT}/Manifest.lock\" > /dev/null\nif [ $? != 0 ] ; then\n    # print error to STDERR\n    echo \"error: The sandbox is not in sync with the Podfile.lock. Run 'pod install' or update your CocoaPods installation.\" >&2\n    exit 1\nfi\n# This output is used by Xcode 'outputs' to avoid re-running this script phase.\necho \"SUCCESS\" > \"${SCRIPT_OUTPUT_FILE_0}\"\n";
			showEnvVarsInLog = 0;
		};
		AFD0145102D9394C6B36CC3A /* [CP] Check Pods Manifest.lock */ = {
			isa = PBXShellScriptBuildPhase;
			buildActionMask = 2147483647;
			files = (
			);
			inputFileListPaths = (
			);
			inputPaths = (
				"${PODS_PODFILE_DIR_PATH}/Podfile.lock",
				"${PODS_ROOT}/Manifest.lock",
			);
			name = "[CP] Check Pods Manifest.lock";
			outputFileListPaths = (
			);
			outputPaths = (
				"$(DERIVED_FILE_DIR)/Pods-lab1UITests-checkManifestLockResult.txt",
			);
			runOnlyForDeploymentPostprocessing = 0;
			shellPath = /bin/sh;
			shellScript = "diff \"${PODS_PODFILE_DIR_PATH}/Podfile.lock\" \"${PODS_ROOT}/Manifest.lock\" > /dev/null\nif [ $? != 0 ] ; then\n    # print error to STDERR\n    echo \"error: The sandbox is not in sync with the Podfile.lock. Run 'pod install' or update your CocoaPods installation.\" >&2\n    exit 1\nfi\n# This output is used by Xcode 'outputs' to avoid re-running this script phase.\necho \"SUCCESS\" > \"${SCRIPT_OUTPUT_FILE_0}\"\n";
			showEnvVarsInLog = 0;
		};
		E2C14CEF6A5494024336E6D7 /* [CP] Check Pods Manifest.lock */ = {
			isa = PBXShellScriptBuildPhase;
			buildActionMask = 2147483647;
			files = (
			);
			inputFileListPaths = (
			);
			inputPaths = (
				"${PODS_PODFILE_DIR_PATH}/Podfile.lock",
				"${PODS_ROOT}/Manifest.lock",
			);
			name = "[CP] Check Pods Manifest.lock";
			outputFileListPaths = (
			);
			outputPaths = (
				"$(DERIVED_FILE_DIR)/Pods-lab1-checkManifestLockResult.txt",
			);
			runOnlyForDeploymentPostprocessing = 0;
			shellPath = /bin/sh;
			shellScript = "diff \"${PODS_PODFILE_DIR_PATH}/Podfile.lock\" \"${PODS_ROOT}/Manifest.lock\" > /dev/null\nif [ $? != 0 ] ; then\n    # print error to STDERR\n    echo \"error: The sandbox is not in sync with the Podfile.lock. Run 'pod install' or update your CocoaPods installation.\" >&2\n    exit 1\nfi\n# This output is used by Xcode 'outputs' to avoid re-running this script phase.\necho \"SUCCESS\" > \"${SCRIPT_OUTPUT_FILE_0}\"\n";
			showEnvVarsInLog = 0;
		};
		E9CCD67027F5C3364F568F54 /* [CP] Embed Pods Frameworks */ = {
			isa = PBXShellScriptBuildPhase;
			buildActionMask = 2147483647;
			files = (
			);
			inputFileListPaths = (
			);
			inputPaths = (
				"${SRCROOT}/Pods/Target Support Files/Pods-lab1/Pods-lab1-frameworks.sh",
				"${BUILT_PRODUCTS_DIR}/Alamofire/Alamofire.framework",
				"${BUILT_PRODUCTS_DIR}/AlamofireImage/AlamofireImage.framework",
			);
			name = "[CP] Embed Pods Frameworks";
			outputFileListPaths = (
			);
			outputPaths = (
				"${TARGET_BUILD_DIR}/${FRAMEWORKS_FOLDER_PATH}/Alamofire.framework",
				"${TARGET_BUILD_DIR}/${FRAMEWORKS_FOLDER_PATH}/AlamofireImage.framework",
			);
			runOnlyForDeploymentPostprocessing = 0;
			shellPath = /bin/sh;
			shellScript = "\"${SRCROOT}/Pods/Target Support Files/Pods-lab1/Pods-lab1-frameworks.sh\"\n";
			showEnvVarsInLog = 0;
		};
/* End PBXShellScriptBuildPhase section */

/* Begin PBXSourcesBuildPhase section */
		154E9DFF2202575B00712CC7 /* Sources */ = {
			isa = PBXSourcesBuildPhase;
			buildActionMask = 2147483647;
			files = (
				154E9E3722025D1700712CC7 /* PostCellTableViewCell.swift in Sources */,
				154E9E072202575B00712CC7 /* AppDelegate.swift in Sources */,
				154E9E35220257A500712CC7 /* PhotoViewController.swift in Sources */,
			);
			runOnlyForDeploymentPostprocessing = 0;
		};
		154E9E132202575C00712CC7 /* Sources */ = {
			isa = PBXSourcesBuildPhase;
			buildActionMask = 2147483647;
			files = (
				154E9E1C2202575C00712CC7 /* lab1Tests.swift in Sources */,
			);
			runOnlyForDeploymentPostprocessing = 0;
		};
		154E9E1E2202575C00712CC7 /* Sources */ = {
			isa = PBXSourcesBuildPhase;
			buildActionMask = 2147483647;
			files = (
				154E9E272202575C00712CC7 /* lab1UITests.swift in Sources */,
			);
			runOnlyForDeploymentPostprocessing = 0;
		};
/* End PBXSourcesBuildPhase section */

/* Begin PBXTargetDependency section */
		154E9E192202575C00712CC7 /* PBXTargetDependency */ = {
			isa = PBXTargetDependency;
			target = 154E9E022202575B00712CC7 /* lab1 */;
			targetProxy = 154E9E182202575C00712CC7 /* PBXContainerItemProxy */;
		};
		154E9E242202575C00712CC7 /* PBXTargetDependency */ = {
			isa = PBXTargetDependency;
			target = 154E9E022202575B00712CC7 /* lab1 */;
			targetProxy = 154E9E232202575C00712CC7 /* PBXContainerItemProxy */;
		};
/* End PBXTargetDependency section */

/* Begin PBXVariantGroup section */
		154E9E0A2202575B00712CC7 /* Main.storyboard */ = {
			isa = PBXVariantGroup;
			children = (
				154E9E0B2202575B00712CC7 /* Base */,
			);
			name = Main.storyboard;
			sourceTree = "<group>";
		};
		154E9E0F2202575C00712CC7 /* LaunchScreen.storyboard */ = {
			isa = PBXVariantGroup;
			children = (
				154E9E102202575C00712CC7 /* Base */,
			);
			name = LaunchScreen.storyboard;
			sourceTree = "<group>";
		};
/* End PBXVariantGroup section */

/* Begin XCBuildConfiguration section */
		154E9E292202575C00712CC7 /* Debug */ = {
			isa = XCBuildConfiguration;
			buildSettings = {
				ALWAYS_SEARCH_USER_PATHS = NO;
				CLANG_ANALYZER_NONNULL = YES;
				CLANG_ANALYZER_NUMBER_OBJECT_CONVERSION = YES_AGGRESSIVE;
				CLANG_CXX_LANGUAGE_STANDARD = "gnu++14";
				CLANG_CXX_LIBRARY = "libc++";
				CLANG_ENABLE_MODULES = YES;
				CLANG_ENABLE_OBJC_ARC = YES;
				CLANG_ENABLE_OBJC_WEAK = YES;
				CLANG_WARN_BLOCK_CAPTURE_AUTORELEASING = YES;
				CLANG_WARN_BOOL_CONVERSION = YES;
				CLANG_WARN_COMMA = YES;
				CLANG_WARN_CONSTANT_CONVERSION = YES;
				CLANG_WARN_DEPRECATED_OBJC_IMPLEMENTATIONS = YES;
				CLANG_WARN_DIRECT_OBJC_ISA_USAGE = YES_ERROR;
				CLANG_WARN_DOCUMENTATION_COMMENTS = YES;
				CLANG_WARN_EMPTY_BODY = YES;
				CLANG_WARN_ENUM_CONVERSION = YES;
				CLANG_WARN_INFINITE_RECURSION = YES;
				CLANG_WARN_INT_CONVERSION = YES;
				CLANG_WARN_NON_LITERAL_NULL_CONVERSION = YES;
				CLANG_WARN_OBJC_IMPLICIT_RETAIN_SELF = YES;
				CLANG_WARN_OBJC_LITERAL_CONVERSION = YES;
				CLANG_WARN_OBJC_ROOT_CLASS = YES_ERROR;
				CLANG_WARN_RANGE_LOOP_ANALYSIS = YES;
				CLANG_WARN_STRICT_PROTOTYPES = YES;
				CLANG_WARN_SUSPICIOUS_MOVE = YES;
				CLANG_WARN_UNGUARDED_AVAILABILITY = YES_AGGRESSIVE;
				CLANG_WARN_UNREACHABLE_CODE = YES;
				CLANG_WARN__DUPLICATE_METHOD_MATCH = YES;
				CODE_SIGN_IDENTITY = "iPhone Developer";
				COPY_PHASE_STRIP = NO;
				DEBUG_INFORMATION_FORMAT = dwarf;
				ENABLE_STRICT_OBJC_MSGSEND = YES;
				ENABLE_TESTABILITY = YES;
				GCC_C_LANGUAGE_STANDARD = gnu11;
				GCC_DYNAMIC_NO_PIC = NO;
				GCC_NO_COMMON_BLOCKS = YES;
				GCC_OPTIMIZATION_LEVEL = 0;
				GCC_PREPROCESSOR_DEFINITIONS = (
					"DEBUG=1",
					"$(inherited)",
				);
				GCC_WARN_64_TO_32_BIT_CONVERSION = YES;
				GCC_WARN_ABOUT_RETURN_TYPE = YES_ERROR;
				GCC_WARN_UNDECLARED_SELECTOR = YES;
				GCC_WARN_UNINITIALIZED_AUTOS = YES_AGGRESSIVE;
				GCC_WARN_UNUSED_FUNCTION = YES;
				GCC_WARN_UNUSED_VARIABLE = YES;
				IPHONEOS_DEPLOYMENT_TARGET = 12.1;
				MTL_ENABLE_DEBUG_INFO = INCLUDE_SOURCE;
				MTL_FAST_MATH = YES;
				ONLY_ACTIVE_ARCH = YES;
				SDKROOT = iphoneos;
				SWIFT_ACTIVE_COMPILATION_CONDITIONS = DEBUG;
				SWIFT_OPTIMIZATION_LEVEL = "-Onone";
			};
			name = Debug;
		};
		154E9E2A2202575C00712CC7 /* Release */ = {
			isa = XCBuildConfiguration;
			buildSettings = {
				ALWAYS_SEARCH_USER_PATHS = NO;
				CLANG_ANALYZER_NONNULL = YES;
				CLANG_ANALYZER_NUMBER_OBJECT_CONVERSION = YES_AGGRESSIVE;
				CLANG_CXX_LANGUAGE_STANDARD = "gnu++14";
				CLANG_CXX_LIBRARY = "libc++";
				CLANG_ENABLE_MODULES = YES;
				CLANG_ENABLE_OBJC_ARC = YES;
				CLANG_ENABLE_OBJC_WEAK = YES;
				CLANG_WARN_BLOCK_CAPTURE_AUTORELEASING = YES;
				CLANG_WARN_BOOL_CONVERSION = YES;
				CLANG_WARN_COMMA = YES;
				CLANG_WARN_CONSTANT_CONVERSION = YES;
				CLANG_WARN_DEPRECATED_OBJC_IMPLEMENTATIONS = YES;
				CLANG_WARN_DIRECT_OBJC_ISA_USAGE = YES_ERROR;
				CLANG_WARN_DOCUMENTATION_COMMENTS = YES;
				CLANG_WARN_EMPTY_BODY = YES;
				CLANG_WARN_ENUM_CONVERSION = YES;
				CLANG_WARN_INFINITE_RECURSION = YES;
				CLANG_WARN_INT_CONVERSION = YES;
				CLANG_WARN_NON_LITERAL_NULL_CONVERSION = YES;
				CLANG_WARN_OBJC_IMPLICIT_RETAIN_SELF = YES;
				CLANG_WARN_OBJC_LITERAL_CONVERSION = YES;
				CLANG_WARN_OBJC_ROOT_CLASS = YES_ERROR;
				CLANG_WARN_RANGE_LOOP_ANALYSIS = YES;
				CLANG_WARN_STRICT_PROTOTYPES = YES;
				CLANG_WARN_SUSPICIOUS_MOVE = YES;
				CLANG_WARN_UNGUARDED_AVAILABILITY = YES_AGGRESSIVE;
				CLANG_WARN_UNREACHABLE_CODE = YES;
				CLANG_WARN__DUPLICATE_METHOD_MATCH = YES;
				CODE_SIGN_IDENTITY = "iPhone Developer";
				COPY_PHASE_STRIP = NO;
				DEBUG_INFORMATION_FORMAT = "dwarf-with-dsym";
				ENABLE_NS_ASSERTIONS = NO;
				ENABLE_STRICT_OBJC_MSGSEND = YES;
				GCC_C_LANGUAGE_STANDARD = gnu11;
				GCC_NO_COMMON_BLOCKS = YES;
				GCC_WARN_64_TO_32_BIT_CONVERSION = YES;
				GCC_WARN_ABOUT_RETURN_TYPE = YES_ERROR;
				GCC_WARN_UNDECLARED_SELECTOR = YES;
				GCC_WARN_UNINITIALIZED_AUTOS = YES_AGGRESSIVE;
				GCC_WARN_UNUSED_FUNCTION = YES;
				GCC_WARN_UNUSED_VARIABLE = YES;
				IPHONEOS_DEPLOYMENT_TARGET = 12.1;
				MTL_ENABLE_DEBUG_INFO = NO;
				MTL_FAST_MATH = YES;
				SDKROOT = iphoneos;
				SWIFT_COMPILATION_MODE = wholemodule;
				SWIFT_OPTIMIZATION_LEVEL = "-O";
				VALIDATE_PRODUCT = YES;
			};
			name = Release;
		};
		154E9E2C2202575C00712CC7 /* Debug */ = {
			isa = XCBuildConfiguration;
			baseConfigurationReference = 4350AC157BC1C87E18E7E6CD /* Pods-lab1.debug.xcconfig */;
			buildSettings = {
				ASSETCATALOG_COMPILER_APPICON_NAME = AppIcon;
				CODE_SIGN_STYLE = Automatic;
				INFOPLIST_FILE = lab1/Info.plist;
				LD_RUNPATH_SEARCH_PATHS = (
					"$(inherited)",
					"@executable_path/Frameworks",
				);
				PRODUCT_BUNDLE_IDENTIFIER = "com.hello-world.lab1";
				PRODUCT_NAME = "$(TARGET_NAME)";
				SWIFT_VERSION = 4.2;
				TARGETED_DEVICE_FAMILY = "1,2";
			};
			name = Debug;
		};
		154E9E2D2202575C00712CC7 /* Release */ = {
			isa = XCBuildConfiguration;
			baseConfigurationReference = 05762C2ADB037D91756FA6D9 /* Pods-lab1.release.xcconfig */;
			buildSettings = {
				ASSETCATALOG_COMPILER_APPICON_NAME = AppIcon;
				CODE_SIGN_STYLE = Automatic;
				INFOPLIST_FILE = lab1/Info.plist;
				LD_RUNPATH_SEARCH_PATHS = (
					"$(inherited)",
					"@executable_path/Frameworks",
				);
				PRODUCT_BUNDLE_IDENTIFIER = "com.hello-world.lab1";
				PRODUCT_NAME = "$(TARGET_NAME)";
				SWIFT_VERSION = 4.2;
				TARGETED_DEVICE_FAMILY = "1,2";
			};
			name = Release;
		};
		154E9E2F2202575C00712CC7 /* Debug */ = {
			isa = XCBuildConfiguration;
			baseConfigurationReference = E92C2EE017DA949C929CD47E /* Pods-lab1Tests.debug.xcconfig */;
			buildSettings = {
				ALWAYS_EMBED_SWIFT_STANDARD_LIBRARIES = YES;
				BUNDLE_LOADER = "$(TEST_HOST)";
				CODE_SIGN_STYLE = Automatic;
				INFOPLIST_FILE = lab1Tests/Info.plist;
				LD_RUNPATH_SEARCH_PATHS = (
					"$(inherited)",
					"@executable_path/Frameworks",
					"@loader_path/Frameworks",
				);
				PRODUCT_BUNDLE_IDENTIFIER = "com.hello-world.lab1Tests";
				PRODUCT_NAME = "$(TARGET_NAME)";
				SWIFT_VERSION = 4.2;
				TARGETED_DEVICE_FAMILY = "1,2";
				TEST_HOST = "$(BUILT_PRODUCTS_DIR)/lab1.app/lab1";
			};
			name = Debug;
		};
		154E9E302202575C00712CC7 /* Release */ = {
			isa = XCBuildConfiguration;
			baseConfigurationReference = ABBBC70E0013F1402E6E2884 /* Pods-lab1Tests.release.xcconfig */;
			buildSettings = {
				ALWAYS_EMBED_SWIFT_STANDARD_LIBRARIES = YES;
				BUNDLE_LOADER = "$(TEST_HOST)";
				CODE_SIGN_STYLE = Automatic;
				INFOPLIST_FILE = lab1Tests/Info.plist;
				LD_RUNPATH_SEARCH_PATHS = (
					"$(inherited)",
					"@executable_path/Frameworks",
					"@loader_path/Frameworks",
				);
				PRODUCT_BUNDLE_IDENTIFIER = "com.hello-world.lab1Tests";
				PRODUCT_NAME = "$(TARGET_NAME)";
				SWIFT_VERSION = 4.2;
				TARGETED_DEVICE_FAMILY = "1,2";
				TEST_HOST = "$(BUILT_PRODUCTS_DIR)/lab1.app/lab1";
			};
			name = Release;
		};
		154E9E322202575C00712CC7 /* Debug */ = {
			isa = XCBuildConfiguration;
			baseConfigurationReference = 7211E2729E633ADFD17AC1CC /* Pods-lab1UITests.debug.xcconfig */;
			buildSettings = {
				ALWAYS_EMBED_SWIFT_STANDARD_LIBRARIES = YES;
				CODE_SIGN_STYLE = Automatic;
				INFOPLIST_FILE = lab1UITests/Info.plist;
				LD_RUNPATH_SEARCH_PATHS = (
					"$(inherited)",
					"@executable_path/Frameworks",
					"@loader_path/Frameworks",
				);
				PRODUCT_BUNDLE_IDENTIFIER = "com.hello-world.lab1UITests";
				PRODUCT_NAME = "$(TARGET_NAME)";
				SWIFT_VERSION = 4.2;
				TARGETED_DEVICE_FAMILY = "1,2";
				TEST_TARGET_NAME = lab1;
			};
			name = Debug;
		};
		154E9E332202575C00712CC7 /* Release */ = {
			isa = XCBuildConfiguration;
			baseConfigurationReference = EAC4591AA9BFAEA5F65D9889 /* Pods-lab1UITests.release.xcconfig */;
			buildSettings = {
				ALWAYS_EMBED_SWIFT_STANDARD_LIBRARIES = YES;
				CODE_SIGN_STYLE = Automatic;
				INFOPLIST_FILE = lab1UITests/Info.plist;
				LD_RUNPATH_SEARCH_PATHS = (
					"$(inherited)",
					"@executable_path/Frameworks",
					"@loader_path/Frameworks",
				);
				PRODUCT_BUNDLE_IDENTIFIER = "com.hello-world.lab1UITests";
				PRODUCT_NAME = "$(TARGET_NAME)";
				SWIFT_VERSION = 4.2;
				TARGETED_DEVICE_FAMILY = "1,2";
				TEST_TARGET_NAME = lab1;
			};
			name = Release;
		};
/* End XCBuildConfiguration section */

/* Begin XCConfigurationList section */
		154E9DFE2202575B00712CC7 /* Build configuration list for PBXProject "lab1" */ = {
			isa = XCConfigurationList;
			buildConfigurations = (
				154E9E292202575C00712CC7 /* Debug */,
				154E9E2A2202575C00712CC7 /* Release */,
			);
			defaultConfigurationIsVisible = 0;
			defaultConfigurationName = Release;
		};
		154E9E2B2202575C00712CC7 /* Build configuration list for PBXNativeTarget "lab1" */ = {
			isa = XCConfigurationList;
			buildConfigurations = (
				154E9E2C2202575C00712CC7 /* Debug */,
				154E9E2D2202575C00712CC7 /* Release */,
			);
			defaultConfigurationIsVisible = 0;
			defaultConfigurationName = Release;
		};
		154E9E2E2202575C00712CC7 /* Build configuration list for PBXNativeTarget "lab1Tests" */ = {
			isa = XCConfigurationList;
			buildConfigurations = (
				154E9E2F2202575C00712CC7 /* Debug */,
				154E9E302202575C00712CC7 /* Release */,
			);
			defaultConfigurationIsVisible = 0;
			defaultConfigurationName = Release;
		};
		154E9E312202575C00712CC7 /* Build configuration list for PBXNativeTarget "lab1UITests" */ = {
			isa = XCConfigurationList;
			buildConfigurations = (
				154E9E322202575C00712CC7 /* Debug */,
				154E9E332202575C00712CC7 /* Release */,
			);
			defaultConfigurationIsVisible = 0;
			defaultConfigurationName = Release;
		};
/* End XCConfigurationList section */
	};
	rootObject = 154E9DFB2202575B00712CC7 /* Project object */;
}
